
Microsoft Visual Studio Solution File, Format Version 12.00
# Visual Studio Version 17
VisualStudioVersion = 17.13.35825.156 d17.13
MinimumVisualStudioVersion = 10.0.40219.1
Project("{FAE04EC0-301F-11D3-BF4B-00C04F79EFBC}") = "GenericListVeNesne", "GenericListVeNesne\GenericListVeNesne.csproj", "{9CD7E208-C8B8-4022-ABEE-AD26CE226421}"
EndProject
Global
	GlobalSection(SolutionConfigurationPlatforms) = preSolution
		Debug|Any CPU = Debug|Any CPU
		Release|Any CPU = Release|Any CPU
	EndGlobalSection
	GlobalSection(ProjectConfigurationPlatforms) = postSolution
		{9CD7E208-C8B8-4022-ABEE-AD26CE226421}.Debug|Any CPU.ActiveCfg = Debug|Any CPU
		{9CD7E208-C8B8-4022-ABEE-AD26CE226421}.Debug|Any CPU.Build.0 = Debug|Any CPU
		{9CD7E208-C8B8-4022-ABEE-AD26CE226421}.Release|Any CPU.ActiveCfg = Release|Any CPU
		{9CD7E208-C8B8-4022-ABEE-AD26CE226421}.Release|Any CPU.Build.0 = Release|Any CPU
	EndGlobalSection
	GlobalSection(SolutionProperties) = preSolution
		HideSolutionNode = FALSE
	EndGlobalSection
	GlobalSection(ExtensibilityGlobals) = postSolution
		SolutionGuid = {8678FF85-359A-42ED-9AF2-17F69A9AC7A8}
	EndGlobalSection
EndGlobal
