
Microsoft Visual Studio Solution File, Format Version 12.00
# Visual Studio Version 17
VisualStudioVersion = 17.13.35825.156 d17.13
MinimumVisualStudioVersion = 10.0.40219.1
Project("{FAE04EC0-301F-11D3-BF4B-00C04F79EFBC}") = "AcunMedyaOdev4", "AcunMedyaOdev4.csproj", "{72010787-A979-471D-A9E2-DFC5AC6C9CC0}"
EndProject
Project("{FAE04EC0-301F-11D3-BF4B-00C04F79EFBC}") = "MathClassMethodOverloading", "..\MathClassMethodOverloading\MathClassMethodOverloading.csproj", "{38FC8F11-51FF-4867-8CD3-A889F3A0C913}"
EndProject
Global
	GlobalSection(SolutionConfigurationPlatforms) = preSolution
		Debug|Any CPU = Debug|Any CPU
		Release|Any CPU = Release|Any CPU
	EndGlobalSection
	GlobalSection(ProjectConfigurationPlatforms) = postSolution
		{72010787-A979-471D-A9E2-DFC5AC6C9CC0}.Debug|Any CPU.ActiveCfg = Debug|Any CPU
		{72010787-A979-471D-A9E2-DFC5AC6C9CC0}.Debug|Any CPU.Build.0 = Debug|Any CPU
		{72010787-A979-471D-A9E2-DFC5AC6C9CC0}.Release|Any CPU.ActiveCfg = Release|Any CPU
		{72010787-A979-471D-A9E2-DFC5AC6C9CC0}.Release|Any CPU.Build.0 = Release|Any CPU
		{38FC8F11-51FF-4867-8CD3-A889F3A0C913}.Debug|Any CPU.ActiveCfg = Debug|Any CPU
		{38FC8F11-51FF-4867-8CD3-A889F3A0C913}.Debug|Any CPU.Build.0 = Debug|Any CPU
		{38FC8F11-51FF-4867-8CD3-A889F3A0C913}.Release|Any CPU.ActiveCfg = Release|Any CPU
		{38FC8F11-51FF-4867-8CD3-A889F3A0C913}.Release|Any CPU.Build.0 = Release|Any CPU
	EndGlobalSection
	GlobalSection(SolutionProperties) = preSolution
		HideSolutionNode = FALSE
	EndGlobalSection
	GlobalSection(ExtensibilityGlobals) = postSolution
		SolutionGuid = {3D4E2BD2-E97E-41AF-B159-698EFF022BF2}
	EndGlobalSection
EndGlobal
